
Microsoft Visual Studio Solution File, Format Version 12.00
# Visual Studio Version 16
VisualStudioVersion = 16.0.32630.194
MinimumVisualStudioVersion = 10.0.40219.1
Project("{FAE04EC0-301F-11D3-BF4B-00C04F79EFBC}") = "SQL_Server_Connection", "SQL_Server_Connection\SQL_Server_Connection.csproj", "{BDA1ADA5-9E16-4308-886F-037D805FD327}"
EndProject
Global
	GlobalSection(SolutionConfigurationPlatforms) = preSolution
		Debug|Any CPU = Debug|Any CPU
		Release|Any CPU = Release|Any CPU
	EndGlobalSection
	GlobalSection(ProjectConfigurationPlatforms) = postSolution
		{BDA1ADA5-9E16-4308-886F-037D805FD327}.Debug|Any CPU.ActiveCfg = Debug|Any CPU
		{BDA1ADA5-9E16-4308-886F-037D805FD327}.Debug|Any CPU.Build.0 = Debug|Any CPU
		{BDA1ADA5-9E16-4308-886F-037D805FD327}.Release|Any CPU.ActiveCfg = Release|Any CPU
		{BDA1ADA5-9E16-4308-886F-037D805FD327}.Release|Any CPU.Build.0 = Release|Any CPU
	EndGlobalSection
	GlobalSection(SolutionProperties) = preSolution
		HideSolutionNode = FALSE
	EndGlobalSection
	GlobalSection(ExtensibilityGlobals) = postSolution
		SolutionGuid = {C7051CA3-A8A1-437B-8BB4-66D3D6D3FD85}
	EndGlobalSection
EndGlobal
